
Microsoft Visual Studio Solution File, Format Version 12.00
# Visual Studio 15
VisualStudioVersion = 15.0.28307.329
MinimumVisualStudioVersion = 10.0.40219.1
Project("{8BC9CEB8-8B4A-11D0-8D11-00A0C91BC942}") = "HackMe", "HackMe\HackMe.vcxproj", "{E96EBE52-46E4-4F63-B0EF-23C7B4DF8AF1}"
EndProject
Global
	GlobalSection(Performance) = preSolution
		HasPerformanceSessions = true
	EndGlobalSection
	GlobalSection(SolutionConfigurationPlatforms) = preSolution
		Debug|x64 = Debug|x64
		Debug|x86 = Debug|x86
		Release|x64 = Release|x64
		Release|x86 = Release|x86
	EndGlobalSection
	GlobalSection(ProjectConfigurationPlatforms) = postSolution
		{E96EBE52-46E4-4F63-B0EF-23C7B4DF8AF1}.Debug|x64.ActiveCfg = Debug|x64
		{E96EBE52-46E4-4F63-B0EF-23C7B4DF8AF1}.Debug|x64.Build.0 = Debug|x64
		{E96EBE52-46E4-4F63-B0EF-23C7B4DF8AF1}.Debug|x86.ActiveCfg = Debug|Win32
		{E96EBE52-46E4-4F63-B0EF-23C7B4DF8AF1}.Debug|x86.Build.0 = Debug|Win32
		{E96EBE52-46E4-4F63-B0EF-23C7B4DF8AF1}.Release|x64.ActiveCfg = Release|x64
		{E96EBE52-46E4-4F63-B0EF-23C7B4DF8AF1}.Release|x64.Build.0 = Release|x64
		{E96EBE52-46E4-4F63-B0EF-23C7B4DF8AF1}.Release|x86.ActiveCfg = Release|Win32
		{E96EBE52-46E4-4F63-B0EF-23C7B4DF8AF1}.Release|x86.Build.0 = Release|Win32
	EndGlobalSection
	GlobalSection(SolutionProperties) = preSolution
		HideSolutionNode = FALSE
	EndGlobalSection
	GlobalSection(ExtensibilityGlobals) = postSolution
		SolutionGuid = {7D82EB6D-7E36-492B-A5F1-6CD2236625C4}
	EndGlobalSection
EndGlobal
